
Microsoft Visual Studio Solution File, Format Version 12.00
# Visual Studio Version 16
VisualStudioVersion = 16.0.29806.167
MinimumVisualStudioVersion = 10.0.40219.1
Project("{FAE04EC0-301F-11D3-BF4B-00C04F79EFBC}") = "PagingandSortingUsingJQuery", "PagingandSortingUsingJQuery\PagingandSortingUsingJQuery.csproj", "{B0737895-4D99-475B-B0D1-FA6A095566DA}"
EndProject
Global
	GlobalSection(SolutionConfigurationPlatforms) = preSolution
		Debug|Any CPU = Debug|Any CPU
		Release|Any CPU = Release|Any CPU
	EndGlobalSection
	GlobalSection(ProjectConfigurationPlatforms) = postSolution
		{B0737895-4D99-475B-B0D1-FA6A095566DA}.Debug|Any CPU.ActiveCfg = Debug|Any CPU
		{B0737895-4D99-475B-B0D1-FA6A095566DA}.Debug|Any CPU.Build.0 = Debug|Any CPU
		{B0737895-4D99-475B-B0D1-FA6A095566DA}.Release|Any CPU.ActiveCfg = Release|Any CPU
		{B0737895-4D99-475B-B0D1-FA6A095566DA}.Release|Any CPU.Build.0 = Release|Any CPU
	EndGlobalSection
	GlobalSection(SolutionProperties) = preSolution
		HideSolutionNode = FALSE
	EndGlobalSection
	GlobalSection(ExtensibilityGlobals) = postSolution
		SolutionGuid = {222A608B-8DDB-4890-BB92-00201F66889A}
	EndGlobalSection
EndGlobal
